// !$*UTF8*$!
{
	archiveVersion = 1;
	classes = {
	};
	objectVersion = 46;
	objects = {

/* Begin PBXBuildFile section */
		2599BF8E1AC088D200A2CAE0 /* AlarmsViewController.m in Sources */ = {isa = PBXBuildFile; fileRef = 2599BF8D1AC088D200A2CAE0 /* AlarmsViewController.m */; };
		25BA92031953C1C800E3DF6E /* AddViewController.m in Sources */ = {isa = PBXBuildFile; fileRef = 25BA92021953C1C800E3DF6E /* AddViewController.m */; };
		25C43EC01A6C36A400527F57 /* Launch Screen.xib in Resources */ = {isa = PBXBuildFile; fileRef = 25C43EBF1A6C36A400527F57 /* Launch Screen.xib */; };
		25C43EC21A6C3E5400527F57 /* Akkurat-Mono.otf in Resources */ = {isa = PBXBuildFile; fileRef = 25C43EC11A6C3E5400527F57 /* Akkurat-Mono.otf */; };
		25C43EC61A6C78FE00527F57 /* Images.xcassets in Resources */ = {isa = PBXBuildFile; fileRef = 25C43EC51A6C78FE00527F57 /* Images.xcassets */; };
		25CC5B6819DB40A500E40A25 /* MapKit.framework in Frameworks */ = {isa = PBXBuildFile; fileRef = 25F52CC3192945A8003CD808 /* MapKit.framework */; };
		25F151B91AC245B40018BB69 /* ZoneCell.m in Sources */ = {isa = PBXBuildFile; fileRef = 25F151B81AC245B40018BB69 /* ZoneCell.m */; };
		25F52C8019293B88003CD808 /* Foundation.framework in Frameworks */ = {isa = PBXBuildFile; fileRef = 25F52C7F19293B88003CD808 /* Foundation.framework */; };
		25F52C8419293B88003CD808 /* UIKit.framework in Frameworks */ = {isa = PBXBuildFile; fileRef = 25F52C8319293B88003CD808 /* UIKit.framework */; };
		25F52C8A19293B88003CD808 /* InfoPlist.strings in Resources */ = {isa = PBXBuildFile; fileRef = 25F52C8819293B88003CD808 /* InfoPlist.strings */; };
		25F52C8C19293B88003CD808 /* main.m in Sources */ = {isa = PBXBuildFile; fileRef = 25F52C8B19293B88003CD808 /* main.m */; };
		25F52C9019293B88003CD808 /* AppDelegate.m in Sources */ = {isa = PBXBuildFile; fileRef = 25F52C8F19293B88003CD808 /* AppDelegate.m */; };
		25F52C9319293B88003CD808 /* Main.storyboard in Resources */ = {isa = PBXBuildFile; fileRef = 25F52C9119293B88003CD808 /* Main.storyboard */; };
		25F52C9F19293B88003CD808 /* XCTest.framework in Frameworks */ = {isa = PBXBuildFile; fileRef = 25F52C9E19293B88003CD808 /* XCTest.framework */; };
		25F52CA019293B88003CD808 /* Foundation.framework in Frameworks */ = {isa = PBXBuildFile; fileRef = 25F52C7F19293B88003CD808 /* Foundation.framework */; };
		25F52CA119293B88003CD808 /* UIKit.framework in Frameworks */ = {isa = PBXBuildFile; fileRef = 25F52C8319293B88003CD808 /* UIKit.framework */; };
		25F52CA919293B89003CD808 /* InfoPlist.strings in Resources */ = {isa = PBXBuildFile; fileRef = 25F52CA719293B89003CD808 /* InfoPlist.strings */; };
		25F52CAB19293B89003CD808 /* ZonesTests.m in Sources */ = {isa = PBXBuildFile; fileRef = 25F52CAA19293B89003CD808 /* ZonesTests.m */; };
		25F52CB6192942D2003CD808 /* Zone.m in Sources */ = {isa = PBXBuildFile; fileRef = 25F52CB5192942D2003CD808 /* Zone.m */; };
		25F52CBC19294503003CD808 /* ListViewController.m in Sources */ = {isa = PBXBuildFile; fileRef = 25F52CBB19294503003CD808 /* ListViewController.m */; };
		25F52CBF1929451A003CD808 /* MapViewController.m in Sources */ = {isa = PBXBuildFile; fileRef = 25F52CBE1929451A003CD808 /* MapViewController.m */; };
		25F52CC219294528003CD808 /* DetailsViewController.m in Sources */ = {isa = PBXBuildFile; fileRef = 25F52CC119294528003CD808 /* DetailsViewController.m */; };
		25F52CC8192945B5003CD808 /* CoreLocation.framework in Frameworks */ = {isa = PBXBuildFile; fileRef = 25F52CC7192945B5003CD808 /* CoreLocation.framework */; };
/* End PBXBuildFile section */

/* Begin PBXContainerItemProxy section */
		25F52CA219293B89003CD808 /* PBXContainerItemProxy */ = {
			isa = PBXContainerItemProxy;
			containerPortal = 25F52C7419293B88003CD808 /* Project object */;
			proxyType = 1;
			remoteGlobalIDString = 25F52C7B19293B88003CD808;
			remoteInfo = Zones;
		};
/* End PBXContainerItemProxy section */

/* Begin PBXFileReference section */
		2599BF8C1AC088D200A2CAE0 /* AlarmsViewController.h */ = {isa = PBXFileReference; fileEncoding = 4; lastKnownFileType = sourcecode.c.h; path = AlarmsViewController.h; sourceTree = "<group>"; };
		2599BF8D1AC088D200A2CAE0 /* AlarmsViewController.m */ = {isa = PBXFileReference; fileEncoding = 4; lastKnownFileType = sourcecode.c.objc; path = AlarmsViewController.m; sourceTree = "<group>"; };
		25BA92011953C1C800E3DF6E /* AddViewController.h */ = {isa = PBXFileReference; fileEncoding = 4; lastKnownFileType = sourcecode.c.h; path = AddViewController.h; sourceTree = "<group>"; };
		25BA92021953C1C800E3DF6E /* AddViewController.m */ = {isa = PBXFileReference; fileEncoding = 4; lastKnownFileType = sourcecode.c.objc; path = AddViewController.m; sourceTree = "<group>"; };
		25C43EBF1A6C36A400527F57 /* Launch Screen.xib */ = {isa = PBXFileReference; fileEncoding = 4; lastKnownFileType = file.xib; path = "Launch Screen.xib"; sourceTree = "<group>"; };
		25C43EC11A6C3E5400527F57 /* Akkurat-Mono.otf */ = {isa = PBXFileReference; lastKnownFileType = file; path = "Akkurat-Mono.otf"; sourceTree = "<group>"; };
		25C43EC51A6C78FE00527F57 /* Images.xcassets */ = {isa = PBXFileReference; lastKnownFileType = folder.assetcatalog; path = Images.xcassets; sourceTree = "<group>"; };
		25F151B71AC245B40018BB69 /* ZoneCell.h */ = {isa = PBXFileReference; fileEncoding = 4; lastKnownFileType = sourcecode.c.h; path = ZoneCell.h; sourceTree = "<group>"; };
		25F151B81AC245B40018BB69 /* ZoneCell.m */ = {isa = PBXFileReference; fileEncoding = 4; lastKnownFileType = sourcecode.c.objc; path = ZoneCell.m; sourceTree = "<group>"; };
		25F52C7C19293B88003CD808 /* Zones.app */ = {isa = PBXFileReference; explicitFileType = wrapper.application; includeInIndex = 0; path = Zones.app; sourceTree = BUILT_PRODUCTS_DIR; };
		25F52C7F19293B88003CD808 /* Foundation.framework */ = {isa = PBXFileReference; lastKnownFileType = wrapper.framework; name = Foundation.framework; path = System/Library/Frameworks/Foundation.framework; sourceTree = SDKROOT; };
		25F52C8119293B88003CD808 /* CoreGraphics.framework */ = {isa = PBXFileReference; lastKnownFileType = wrapper.framework; name = CoreGraphics.framework; path = System/Library/Frameworks/CoreGraphics.framework; sourceTree = SDKROOT; };
		25F52C8319293B88003CD808 /* UIKit.framework */ = {isa = PBXFileReference; lastKnownFileType = wrapper.framework; name = UIKit.framework; path = System/Library/Frameworks/UIKit.framework; sourceTree = SDKROOT; };
		25F52C8719293B88003CD808 /* Zones-Info.plist */ = {isa = PBXFileReference; lastKnownFileType = text.plist.xml; path = "Zones-Info.plist"; sourceTree = "<group>"; };
		25F52C8919293B88003CD808 /* en */ = {isa = PBXFileReference; lastKnownFileType = text.plist.strings; name = en; path = en.lproj/InfoPlist.strings; sourceTree = "<group>"; };
		25F52C8B19293B88003CD808 /* main.m */ = {isa = PBXFileReference; lastKnownFileType = sourcecode.c.objc; path = main.m; sourceTree = "<group>"; };
		25F52C8D19293B88003CD808 /* Zones-Prefix.pch */ = {isa = PBXFileReference; lastKnownFileType = sourcecode.c.h; path = "Zones-Prefix.pch"; sourceTree = "<group>"; };
		25F52C8E19293B88003CD808 /* AppDelegate.h */ = {isa = PBXFileReference; lastKnownFileType = sourcecode.c.h; path = AppDelegate.h; sourceTree = "<group>"; };
		25F52C8F19293B88003CD808 /* AppDelegate.m */ = {isa = PBXFileReference; lastKnownFileType = sourcecode.c.objc; path = AppDelegate.m; sourceTree = "<group>"; };
		25F52C9219293B88003CD808 /* Base */ = {isa = PBXFileReference; lastKnownFileType = file.storyboard; name = Base; path = Base.lproj/Main.storyboard; sourceTree = "<group>"; };
		25F52C9D19293B88003CD808 /* ZonesTests.xctest */ = {isa = PBXFileReference; explicitFileType = wrapper.cfbundle; includeInIndex = 0; path = ZonesTests.xctest; sourceTree = BUILT_PRODUCTS_DIR; };
		25F52C9E19293B88003CD808 /* XCTest.framework */ = {isa = PBXFileReference; lastKnownFileType = wrapper.framework; name = XCTest.framework; path = Library/Frameworks/XCTest.framework; sourceTree = DEVELOPER_DIR; };
		25F52CA619293B89003CD808 /* ZonesTests-Info.plist */ = {isa = PBXFileReference; lastKnownFileType = text.plist.xml; path = "ZonesTests-Info.plist"; sourceTree = "<group>"; };
		25F52CA819293B89003CD808 /* en */ = {isa = PBXFileReference; lastKnownFileType = text.plist.strings; name = en; path = en.lproj/InfoPlist.strings; sourceTree = "<group>"; };
		25F52CAA19293B89003CD808 /* ZonesTests.m */ = {isa = PBXFileReference; lastKnownFileType = sourcecode.c.objc; path = ZonesTests.m; sourceTree = "<group>"; };
		25F52CB4192942D2003CD808 /* Zone.h */ = {isa = PBXFileReference; fileEncoding = 4; lastKnownFileType = sourcecode.c.h; path = Zone.h; sourceTree = "<group>"; };
		25F52CB5192942D2003CD808 /* Zone.m */ = {isa = PBXFileReference; fileEncoding = 4; lastKnownFileType = sourcecode.c.objc; path = Zone.m; sourceTree = "<group>"; };
		25F52CBA19294503003CD808 /* ListViewController.h */ = {isa = PBXFileReference; fileEncoding = 4; lastKnownFileType = sourcecode.c.h; name = ListViewController.h; path = ../ListViewController.h; sourceTree = "<group>"; };
		25F52CBB19294503003CD808 /* ListViewController.m */ = {isa = PBXFileReference; fileEncoding = 4; lastKnownFileType = sourcecode.c.objc; name = ListViewController.m; path = ../ListViewController.m; sourceTree = "<group>"; };
		25F52CBD1929451A003CD808 /* MapViewController.h */ = {isa = PBXFileReference; fileEncoding = 4; lastKnownFileType = sourcecode.c.h; name = MapViewController.h; path = ../MapViewController.h; sourceTree = "<group>"; };
		25F52CBE1929451A003CD808 /* MapViewController.m */ = {isa = PBXFileReference; fileEncoding = 4; lastKnownFileType = sourcecode.c.objc; name = MapViewController.m; path = ../MapViewController.m; sourceTree = "<group>"; };
		25F52CC019294528003CD808 /* DetailsViewController.h */ = {isa = PBXFileReference; fileEncoding = 4; lastKnownFileType = sourcecode.c.h; name = DetailsViewController.h; path = ../DetailsViewController.h; sourceTree = "<group>"; };
		25F52CC119294528003CD808 /* DetailsViewController.m */ = {isa = PBXFileReference; fileEncoding = 4; lastKnownFileType = sourcecode.c.objc; name = DetailsViewController.m; path = ../DetailsViewController.m; sourceTree = "<group>"; };
		25F52CC3192945A8003CD808 /* MapKit.framework */ = {isa = PBXFileReference; lastKnownFileType = wrapper.framework; name = MapKit.framework; path = System/Library/Frameworks/MapKit.framework; sourceTree = SDKROOT; };
		25F52CC5192945AF003CD808 /* CoreMotion.framework */ = {isa = PBXFileReference; lastKnownFileType = wrapper.framework; name = CoreMotion.framework; path = System/Library/Frameworks/CoreMotion.framework; sourceTree = SDKROOT; };
		25F52CC7192945B5003CD808 /* CoreLocation.framework */ = {isa = PBXFileReference; lastKnownFileType = wrapper.framework; name = CoreLocation.framework; path = System/Library/Frameworks/CoreLocation.framework; sourceTree = SDKROOT; };
/* End PBXFileReference section */

/* Begin PBXFrameworksBuildPhase section */
		25F52C7919293B88003CD808 /* Frameworks */ = {
			isa = PBXFrameworksBuildPhase;
			buildActionMask = 2147483647;
			files = (
				25CC5B6819DB40A500E40A25 /* MapKit.framework in Frameworks */,
				25F52CC8192945B5003CD808 /* CoreLocation.framework in Frameworks */,
				25F52C8419293B88003CD808 /* UIKit.framework in Frameworks */,
				25F52C8019293B88003CD808 /* Foundation.framework in Frameworks */,
			);
			runOnlyForDeploymentPostprocessing = 0;
		};
		25F52C9A19293B88003CD808 /* Frameworks */ = {
			isa = PBXFrameworksBuildPhase;
			buildActionMask = 2147483647;
			files = (
				25F52C9F19293B88003CD808 /* XCTest.framework in Frameworks */,
				25F52CA119293B88003CD808 /* UIKit.framework in Frameworks */,
				25F52CA019293B88003CD808 /* Foundation.framework in Frameworks */,
			);
			runOnlyForDeploymentPostprocessing = 0;
		};
/* End PBXFrameworksBuildPhase section */

/* Begin PBXGroup section */
		25F52C7319293B88003CD808 = {
			isa = PBXGroup;
			children = (
				25F52C8519293B88003CD808 /* Zones */,
				25F52CA419293B89003CD808 /* ZonesTests */,
				25F52C7E19293B88003CD808 /* Frameworks */,
				25F52C7D19293B88003CD808 /* Products */,
			);
			sourceTree = "<group>";
		};
		25F52C7D19293B88003CD808 /* Products */ = {
			isa = PBXGroup;
			children = (
				25F52C7C19293B88003CD808 /* Zones.app */,
				25F52C9D19293B88003CD808 /* ZonesTests.xctest */,
			);
			name = Products;
			sourceTree = "<group>";
		};
		25F52C7E19293B88003CD808 /* Frameworks */ = {
			isa = PBXGroup;
			children = (
				25F52CC7192945B5003CD808 /* CoreLocation.framework */,
				25F52CC5192945AF003CD808 /* CoreMotion.framework */,
				25F52CC3192945A8003CD808 /* MapKit.framework */,
				25F52C7F19293B88003CD808 /* Foundation.framework */,
				25F52C8119293B88003CD808 /* CoreGraphics.framework */,
				25F52C8319293B88003CD808 /* UIKit.framework */,
				25F52C9E19293B88003CD808 /* XCTest.framework */,
			);
			name = Frameworks;
			sourceTree = "<group>";
		};
		25F52C8519293B88003CD808 /* Zones */ = {
			isa = PBXGroup;
			children = (
				25F52CB7192942D9003CD808 /* Model */,
				25F52CB8192942E4003CD808 /* View */,
				25F52CB9192942ED003CD808 /* Controller */,
				25F52C8E19293B88003CD808 /* AppDelegate.h */,
				25F52C8F19293B88003CD808 /* AppDelegate.m */,
				25C43EC11A6C3E5400527F57 /* Akkurat-Mono.otf */,
				25C43EC51A6C78FE00527F57 /* Images.xcassets */,
				25F52C8619293B88003CD808 /* Supporting Files */,
			);
			path = Zones;
			sourceTree = "<group>";
		};
		25F52C8619293B88003CD808 /* Supporting Files */ = {
			isa = PBXGroup;
			children = (
				25F52C8719293B88003CD808 /* Zones-Info.plist */,
				25F52C8819293B88003CD808 /* InfoPlist.strings */,
				25F52C8B19293B88003CD808 /* main.m */,
				25F52C8D19293B88003CD808 /* Zones-Prefix.pch */,
			);
			name = "Supporting Files";
			sourceTree = "<group>";
		};
		25F52CA419293B89003CD808 /* ZonesTests */ = {
			isa = PBXGroup;
			children = (
				25F52CAA19293B89003CD808 /* ZonesTests.m */,
				25F52CA519293B89003CD808 /* Supporting Files */,
			);
			path = ZonesTests;
			sourceTree = "<group>";
		};
		25F52CA519293B89003CD808 /* Supporting Files */ = {
			isa = PBXGroup;
			children = (
				25F52CA619293B89003CD808 /* ZonesTests-Info.plist */,
				25F52CA719293B89003CD808 /* InfoPlist.strings */,
			);
			name = "Supporting Files";
			sourceTree = "<group>";
		};
		25F52CB7192942D9003CD808 /* Model */ = {
			isa = PBXGroup;
			children = (
				25F52CB4192942D2003CD808 /* Zone.h */,
				25F52CB5192942D2003CD808 /* Zone.m */,
			);
			name = Model;
			sourceTree = "<group>";
		};
		25F52CB8192942E4003CD808 /* View */ = {
			isa = PBXGroup;
			children = (
				25F52C9119293B88003CD808 /* Main.storyboard */,
				25C43EBF1A6C36A400527F57 /* Launch Screen.xib */,
			);
			name = View;
			sourceTree = "<group>";
		};
		25F52CB9192942ED003CD808 /* Controller */ = {
			isa = PBXGroup;
			children = (
				2599BF8C1AC088D200A2CAE0 /* AlarmsViewController.h */,
				2599BF8D1AC088D200A2CAE0 /* AlarmsViewController.m */,
				25F52CBA19294503003CD808 /* ListViewController.h */,
				25F52CBB19294503003CD808 /* ListViewController.m */,
				25BA92011953C1C800E3DF6E /* AddViewController.h */,
				25BA92021953C1C800E3DF6E /* AddViewController.m */,
				25F52CC019294528003CD808 /* DetailsViewController.h */,
				25F52CC119294528003CD808 /* DetailsViewController.m */,
				25F52CBD1929451A003CD808 /* MapViewController.h */,
				25F52CBE1929451A003CD808 /* MapViewController.m */,
				25F151B71AC245B40018BB69 /* ZoneCell.h */,
				25F151B81AC245B40018BB69 /* ZoneCell.m */,
			);
			name = Controller;
			sourceTree = "<group>";
		};
/* End PBXGroup section */

/* Begin PBXNativeTarget section */
		25F52C7B19293B88003CD808 /* Zones */ = {
			isa = PBXNativeTarget;
			buildConfigurationList = 25F52CAE19293B89003CD808 /* Build configuration list for PBXNativeTarget "Zones" */;
			buildPhases = (
				25F52C7819293B88003CD808 /* Sources */,
				25F52C7919293B88003CD808 /* Frameworks */,
				25F52C7A19293B88003CD808 /* Resources */,
			);
			buildRules = (
			);
			dependencies = (
			);
			name = Zones;
			productName = Zones;
			productReference = 25F52C7C19293B88003CD808 /* Zones.app */;
			productType = "com.apple.product-type.application";
		};
		25F52C9C19293B88003CD808 /* ZonesTests */ = {
			isa = PBXNativeTarget;
			buildConfigurationList = 25F52CB119293B89003CD808 /* Build configuration list for PBXNativeTarget "ZonesTests" */;
			buildPhases = (
				25F52C9919293B88003CD808 /* Sources */,
				25F52C9A19293B88003CD808 /* Frameworks */,
				25F52C9B19293B88003CD808 /* Resources */,
			);
			buildRules = (
			);
			dependencies = (
				25F52CA319293B89003CD808 /* PBXTargetDependency */,
			);
			name = ZonesTests;
			productName = ZonesTests;
			productReference = 25F52C9D19293B88003CD808 /* ZonesTests.xctest */;
			productType = "com.apple.product-type.bundle.unit-test";
		};
/* End PBXNativeTarget section */

/* Begin PBXProject section */
		25F52C7419293B88003CD808 /* Project object */ = {
			isa = PBXProject;
			attributes = {
				CLASSPREFIX = ZN;
				LastUpgradeCheck = 0510;
				ORGANIZATIONNAME = Karthik;
				TargetAttributes = {
					25F52C7B19293B88003CD808 = {
						DevelopmentTeam = 7894ZN6SGY;
					};
					25F52C9C19293B88003CD808 = {
						TestTargetID = 25F52C7B19293B88003CD808;
					};
				};
			};
			buildConfigurationList = 25F52C7719293B88003CD808 /* Build configuration list for PBXProject "Zones" */;
			compatibilityVersion = "Xcode 3.2";
			developmentRegion = English;
			hasScannedForEncodings = 0;
			knownRegions = (
				en,
				Base,
			);
			mainGroup = 25F52C7319293B88003CD808;
			productRefGroup = 25F52C7D19293B88003CD808 /* Products */;
			projectDirPath = "";
			projectRoot = "";
			targets = (
				25F52C7B19293B88003CD808 /* Zones */,
				25F52C9C19293B88003CD808 /* ZonesTests */,
			);
		};
/* End PBXProject section */

/* Begin PBXResourcesBuildPhase section */
		25F52C7A19293B88003CD808 /* Resources */ = {
			isa = PBXResourcesBuildPhase;
			buildActionMask = 2147483647;
			files = (
				25C43EC01A6C36A400527F57 /* Launch Screen.xib in Resources */,
				25C43EC61A6C78FE00527F57 /* Images.xcassets in Resources */,
				25C43EC21A6C3E5400527F57 /* Akkurat-Mono.otf in Resources */,
				25F52C8A19293B88003CD808 /* InfoPlist.strings in Resources */,
				25F52C9319293B88003CD808 /* Main.storyboard in Resources */,
			);
			runOnlyForDeploymentPostprocessing = 0;
		};
		25F52C9B19293B88003CD808 /* Resources */ = {
			isa = PBXResourcesBuildPhase;
			buildActionMask = 2147483647;
			files = (
				25F52CA919293B89003CD808 /* InfoPlist.strings in Resources */,
			);
			runOnlyForDeploymentPostprocessing = 0;
		};
/* End PBXResourcesBuildPhase section */

/* Begin PBXSourcesBuildPhase section */
		25F52C7819293B88003CD808 /* Sources */ = {
			isa = PBXSourcesBuildPhase;
			buildActionMask = 2147483647;
			files = (
				2599BF8E1AC088D200A2CAE0 /* AlarmsViewController.m in Sources */,
				25F52C9019293B88003CD808 /* AppDelegate.m in Sources */,
				25F52CB6192942D2003CD808 /* Zone.m in Sources */,
				25F52CBF1929451A003CD808 /* MapViewController.m in Sources */,
				25F151B91AC245B40018BB69 /* ZoneCell.m in Sources */,
				25BA92031953C1C800E3DF6E /* AddViewController.m in Sources */,
				25F52CC219294528003CD808 /* DetailsViewController.m in Sources */,
				25F52CBC19294503003CD808 /* ListViewController.m in Sources */,
				25F52C8C19293B88003CD808 /* main.m in Sources */,
			);
			runOnlyForDeploymentPostprocessing = 0;
		};
		25F52C9919293B88003CD808 /* Sources */ = {
			isa = PBXSourcesBuildPhase;
			buildActionMask = 2147483647;
			files = (
				25F52CAB19293B89003CD808 /* ZonesTests.m in Sources */,
			);
			runOnlyForDeploymentPostprocessing = 0;
		};
/* End PBXSourcesBuildPhase section */

/* Begin PBXTargetDependency section */
		25F52CA319293B89003CD808 /* PBXTargetDependency */ = {
			isa = PBXTargetDependency;
			target = 25F52C7B19293B88003CD808 /* Zones */;
			targetProxy = 25F52CA219293B89003CD808 /* PBXContainerItemProxy */;
		};
/* End PBXTargetDependency section */

/* Begin PBXVariantGroup section */
		25F52C8819293B88003CD808 /* InfoPlist.strings */ = {
			isa = PBXVariantGroup;
			children = (
				25F52C8919293B88003CD808 /* en */,
			);
			name = InfoPlist.strings;
			sourceTree = "<group>";
		};
		25F52C9119293B88003CD808 /* Main.storyboard */ = {
			isa = PBXVariantGroup;
			children = (
				25F52C9219293B88003CD808 /* Base */,
			);
			name = Main.storyboard;
			sourceTree = "<group>";
		};
		25F52CA719293B89003CD808 /* InfoPlist.strings */ = {
			isa = PBXVariantGroup;
			children = (
				25F52CA819293B89003CD808 /* en */,
			);
			name = InfoPlist.strings;
			sourceTree = "<group>";
		};
/* End PBXVariantGroup section */

/* Begin XCBuildConfiguration section */
		25F52CAC19293B89003CD808 /* Debug */ = {
			isa = XCBuildConfiguration;
			buildSettings = {
				ALWAYS_SEARCH_USER_PATHS = NO;
				CLANG_CXX_LANGUAGE_STANDARD = "gnu++0x";
				CLANG_CXX_LIBRARY = "libc++";
				CLANG_ENABLE_MODULES = YES;
				CLANG_ENABLE_OBJC_ARC = YES;
				CLANG_WARN_BOOL_CONVERSION = YES;
				CLANG_WARN_CONSTANT_CONVERSION = YES;
				CLANG_WARN_DIRECT_OBJC_ISA_USAGE = YES_ERROR;
				CLANG_WARN_EMPTY_BODY = YES;
				CLANG_WARN_ENUM_CONVERSION = YES;
				CLANG_WARN_INT_CONVERSION = YES;
				CLANG_WARN_OBJC_ROOT_CLASS = YES_ERROR;
				CLANG_WARN__DUPLICATE_METHOD_MATCH = YES;
				"CODE_SIGN_IDENTITY[sdk=iphoneos*]" = "iPhone Developer";
				COPY_PHASE_STRIP = NO;
				GCC_C_LANGUAGE_STANDARD = gnu99;
				GCC_DYNAMIC_NO_PIC = NO;
				GCC_OPTIMIZATION_LEVEL = 0;
				GCC_PREPROCESSOR_DEFINITIONS = (
					"DEBUG=1",
					"$(inherited)",
				);
				GCC_SYMBOLS_PRIVATE_EXTERN = NO;
				GCC_WARN_64_TO_32_BIT_CONVERSION = YES;
				GCC_WARN_ABOUT_RETURN_TYPE = YES_ERROR;
				GCC_WARN_UNDECLARED_SELECTOR = YES;
				GCC_WARN_UNINITIALIZED_AUTOS = YES_AGGRESSIVE;
				GCC_WARN_UNUSED_FUNCTION = YES;
				GCC_WARN_UNUSED_VARIABLE = YES;
				IPHONEOS_DEPLOYMENT_TARGET = 7.1;
				ONLY_ACTIVE_ARCH = YES;
				SDKROOT = iphoneos;
			};
			name = Debug;
		};
		25F52CAD19293B89003CD808 /* Release */ = {
			isa = XCBuildConfiguration;
			buildSettings = {
				ALWAYS_SEARCH_USER_PATHS = NO;
				CLANG_CXX_LANGUAGE_STANDARD = "gnu++0x";
				CLANG_CXX_LIBRARY = "libc++";
				CLANG_ENABLE_MODULES = YES;
				CLANG_ENABLE_OBJC_ARC = YES;
				CLANG_WARN_BOOL_CONVERSION = YES;
				CLANG_WARN_CONSTANT_CONVERSION = YES;
				CLANG_WARN_DIRECT_OBJC_ISA_USAGE = YES_ERROR;
				CLANG_WARN_EMPTY_BODY = YES;
				CLANG_WARN_ENUM_CONVERSION = YES;
				CLANG_WARN_INT_CONVERSION = YES;
				CLANG_WARN_OBJC_ROOT_CLASS = YES_ERROR;
				CLANG_WARN__DUPLICATE_METHOD_MATCH = YES;
				"CODE_SIGN_IDENTITY[sdk=iphoneos*]" = "iPhone Developer";
				COPY_PHASE_STRIP = YES;
				ENABLE_NS_ASSERTIONS = NO;
				GCC_C_LANGUAGE_STANDARD = gnu99;
				GCC_WARN_64_TO_32_BIT_CONVERSION = YES;
				GCC_WARN_ABOUT_RETURN_TYPE = YES_ERROR;
				GCC_WARN_UNDECLARED_SELECTOR = YES;
				GCC_WARN_UNINITIALIZED_AUTOS = YES_AGGRESSIVE;
				GCC_WARN_UNUSED_FUNCTION = YES;
				GCC_WARN_UNUSED_VARIABLE = YES;
				IPHONEOS_DEPLOYMENT_TARGET = 7.1;
				SDKROOT = iphoneos;
				VALIDATE_PRODUCT = YES;
			};
			name = Release;
		};
		25F52CAF19293B89003CD808 /* Debug */ = {
			isa = XCBuildConfiguration;
			buildSettings = {
				ASSETCATALOG_COMPILER_APPICON_NAME = AppIcon;
				CODE_SIGN_IDENTITY = "iPhone Developer";
				"CODE_SIGN_IDENTITY[sdk=iphoneos*]" = "iPhone Developer";
				GCC_PRECOMPILE_PREFIX_HEADER = YES;
				GCC_PREFIX_HEADER = "Zones/Zones-Prefix.pch";
				INFOPLIST_FILE = "Zones/Zones-Info.plist";
				IPHONEOS_DEPLOYMENT_TARGET = 8.0;
				PRODUCT_NAME = "$(TARGET_NAME)";
				PROVISIONING_PROFILE = "";
				TARGETED_DEVICE_FAMILY = "1,2";
				WRAPPER_EXTENSION = app;
			};
			name = Debug;
		};
		25F52CB019293B89003CD808 /* Release */ = {
			isa = XCBuildConfiguration;
			buildSettings = {
				ASSETCATALOG_COMPILER_APPICON_NAME = AppIcon;
				CODE_SIGN_IDENTITY = "iPhone Developer";
				"CODE_SIGN_IDENTITY[sdk=iphoneos*]" = "iPhone Developer";
				GCC_PRECOMPILE_PREFIX_HEADER = YES;
				GCC_PREFIX_HEADER = "Zones/Zones-Prefix.pch";
				INFOPLIST_FILE = "Zones/Zones-Info.plist";
				IPHONEOS_DEPLOYMENT_TARGET = 8.0;
				PRODUCT_NAME = "$(TARGET_NAME)";
				PROVISIONING_PROFILE = "";
				TARGETED_DEVICE_FAMILY = "1,2";
				WRAPPER_EXTENSION = app;
			};
			name = Release;
		};
		25F52CB219293B89003CD808 /* Debug */ = {
			isa = XCBuildConfiguration;
			buildSettings = {
				BUNDLE_LOADER = "$(BUILT_PRODUCTS_DIR)/Zones.app/Zones";
				FRAMEWORK_SEARCH_PATHS = (
					"$(SDKROOT)/Developer/Library/Frameworks",
					"$(inherited)",
					"$(DEVELOPER_FRAMEWORKS_DIR)",
				);
				GCC_PRECOMPILE_PREFIX_HEADER = YES;
				GCC_PREFIX_HEADER = "Zones/Zones-Prefix.pch";
				GCC_PREPROCESSOR_DEFINITIONS = (
					"DEBUG=1",
					"$(inherited)",
				);
				INFOPLIST_FILE = "ZonesTests/ZonesTests-Info.plist";
				PRODUCT_NAME = "$(TARGET_NAME)";
				TEST_HOST = "$(BUNDLE_LOADER)";
				WRAPPER_EXTENSION = xctest;
			};
			name = Debug;
		};
		25F52CB319293B89003CD808 /* Release */ = {
			isa = XCBuildConfiguration;
			buildSettings = {
				BUNDLE_LOADER = "$(BUILT_PRODUCTS_DIR)/Zones.app/Zones";
				FRAMEWORK_SEARCH_PATHS = (
					"$(SDKROOT)/Developer/Library/Frameworks",
					"$(inherited)",
					"$(DEVELOPER_FRAMEWORKS_DIR)",
				);
				GCC_PRECOMPILE_PREFIX_HEADER = YES;
				GCC_PREFIX_HEADER = "Zones/Zones-Prefix.pch";
				INFOPLIST_FILE = "ZonesTests/ZonesTests-Info.plist";
				PRODUCT_NAME = "$(TARGET_NAME)";
				TEST_HOST = "$(BUNDLE_LOADER)";
				WRAPPER_EXTENSION = xctest;
			};
			name = Release;
		};
/* End XCBuildConfiguration section */

/* Begin XCConfigurationList section */
		25F52C7719293B88003CD808 /* Build configuration list for PBXProject "Zones" */ = {
			isa = XCConfigurationList;
			buildConfigurations = (
				25F52CAC19293B89003CD808 /* Debug */,
				25F52CAD19293B89003CD808 /* Release */,
			);
			defaultConfigurationIsVisible = 0;
			defaultConfigurationName = Release;
		};
		25F52CAE19293B89003CD808 /* Build configuration list for PBXNativeTarget "Zones" */ = {
			isa = XCConfigurationList;
			buildConfigurations = (
				25F52CAF19293B89003CD808 /* Debug */,
				25F52CB019293B89003CD808 /* Release */,
			);
			defaultConfigurationIsVisible = 0;
			defaultConfigurationName = Release;
		};
		25F52CB119293B89003CD808 /* Build configuration list for PBXNativeTarget "ZonesTests" */ = {
			isa = XCConfigurationList;
			buildConfigurations = (
				25F52CB219293B89003CD808 /* Debug */,
				25F52CB319293B89003CD808 /* Release */,
			);
			defaultConfigurationIsVisible = 0;
			defaultConfigurationName = Release;
		};
/* End XCConfigurationList section */
	};
	rootObject = 25F52C7419293B88003CD808 /* Project object */;
}
